<Solution>
  <Folder Name="/Solution Items/">
    <File Path="../LICENSE" />
    <File Path="../README.md" />
    <File Path="../SCREENSHOTS.md" />
    <File Path="../ThirdPartyNotices.txt" />
    <File Path="Common/stylecop.json" />
    <File Path="Directory.Build.props" />
    <File Path="Directory.Packages.props" />
  </Folder>
  <Project Path="Woohoo.Audio.Core.UnitTest/Woohoo.Audio.Core.UnitTest.csproj" />
  <Project Path="Woohoo.Audio.Core/Woohoo.Audio.Core.csproj" />
  <Project Path="Woohoo.Audio.CueToolsDatabase.Web.UnitTest/Woohoo.Audio.CueToolsDatabase.Web.UnitTest.csproj" Id="646eb3b7-3c1b-4348-a6cd-ebaf4372a635" />
  <Project Path="Woohoo.Audio.CueToolsDatabase.Web/Woohoo.Audio.CueToolsDatabase.Web.csproj" Id="78f8749c-1745-42ee-bc19-44e9d5ea6ca6" />
  <Project Path="Woohoo.Audio.LrcDatabase.Local/Woohoo.Audio.LrcDatabase.Local.csproj" Id="b5abd2f0-1c95-405d-a656-d663461437cb" />
  <Project Path="Woohoo.Audio.LrcDatabase.Sqlite/Woohoo.Audio.LrcDatabase.Sqlite.csproj" />
  <Project Path="Woohoo.Audio.LrcDatabase.Web.UnitTest/Woohoo.Audio.LrcDatabase.Web.UnitTest.csproj" Id="be72be75-422d-4c8e-a017-731acb61346f" />
  <Project Path="Woohoo.Audio.LrcDatabase.Web/Woohoo.Audio.LrcDatabase.Web.csproj" Id="d1abb3b4-22a6-435f-9542-a7848873f3af" />
  <Project Path="Woohoo.Audio.Playback.Android/Woohoo.Audio.Playback.Android.csproj" Id="8d6582e4-48fe-44ef-9144-4b3cbb5c16b0" />
  <Project Path="Woohoo.Audio.Playback.Sdl3/Woohoo.Audio.Playback.Sdl3.csproj" />
  <Project Path="Woohoo.Audio.Services.Impl/Woohoo.Audio.Services.Impl.csproj" />
  <Project Path="Woohoo.Audio.Services/Woohoo.Audio.Services.csproj" />
  <Project Path="Woohoo.Codecs.Flake/Woohoo.Codecs.Flake.csproj" />
  <Project Path="Woohoo.Codecs/Woohoo.Codecs.csproj" />
  <Project Path="Woohoo.ConsoloniaControls.Gallery/Woohoo.ConsoloniaControls.Gallery.csproj" />
  <Project Path="Woohoo.ConsoloniaControls/Woohoo.ConsoloniaControls.csproj" />
  <Project Path="Woohoo.Discue.Avalonia.Android/Woohoo.Discue.Avalonia.Android.csproj">
    <Deploy />
  </Project>
  <Project Path="Woohoo.Discue.Avalonia.Desktop/Woohoo.Discue.Avalonia.Desktop.csproj" />
  <Project Path="Woohoo.Discue.Avalonia/Woohoo.Discue.Avalonia.csproj" />
  <Project Path="Woohoo.Discue.Cli/Woohoo.Discue.Cli.csproj" />
  <Project Path="Woohoo.Discue.Consolonia/Woohoo.Discue.Consolonia.csproj" />
  <Project Path="Woohoo.Discue.Shared.Avalonia/Woohoo.Discue.Shared.Avalonia.csproj" />
  <Project Path="Woohoo.IO.Compression.Chd.UnitTest/Woohoo.IO.Compression.Chd.UnitTest.csproj" />
  <Project Path="Woohoo.IO.Compression.Chd/Woohoo.IO.Compression.Chd.csproj" />
  <Project Path="Woohoo.IO.Compression/Woohoo.IO.Compression.csproj" />
  <Project Path="Woohoo.Sdl3/Woohoo.Sdl3.csproj" />
</Solution>
