<Solution>
  <Configurations>
    <Platform Name="ARM64" />
    <Platform Name="x64" />
    <Platform Name="x86" />
  </Configurations>
  <Folder Name="/Solution Items/">
    <File Path="Directory.Build.props" />
    <File Path="Directory.Packages.props" />
  </Folder>
  <Project Path="Woohoo.Audio.Core.UnitTest/Woohoo.Audio.Core.UnitTest.csproj" />
  <Project Path="Woohoo.Audio.Core/Woohoo.Audio.Core.csproj" />
  <Project Path="Woohoo.Audio.CueToolsDatabase.Web.UnitTest/Woohoo.Audio.CueToolsDatabase.Web.UnitTest.csproj" Id="646eb3b7-3c1b-4348-a6cd-ebaf4372a635" />
  <Project Path="Woohoo.Audio.CueToolsDatabase.Web/Woohoo.Audio.CueToolsDatabase.Web.csproj" Id="78f8749c-1745-42ee-bc19-44e9d5ea6ca6" />
  <Project Path="Woohoo.Audio.LrcDatabase.Local/Woohoo.Audio.LrcDatabase.Local.csproj" Id="b5abd2f0-1c95-405d-a656-d663461437cb" />
  <Project Path="Woohoo.Audio.LrcDatabase.Sqlite/Woohoo.Audio.LrcDatabase.Sqlite.csproj" Id="01c7d38f-a601-480c-82ba-9e7a10b48510" />
  <Project Path="Woohoo.Audio.LrcDatabase.Web.UnitTest/Woohoo.Audio.LrcDatabase.Web.UnitTest.csproj" Id="be72be75-422d-4c8e-a017-731acb61346f" />
  <Project Path="Woohoo.Audio.LrcDatabase.Web/Woohoo.Audio.LrcDatabase.Web.csproj" Id="d1abb3b4-22a6-435f-9542-a7848873f3af" />
  <Project Path="Woohoo.Audio.Playback.Android/Woohoo.Audio.Playback.Android.csproj" />
  <Project Path="Woohoo.Audio.Playback.Sdl3/Woohoo.Audio.Playback.Sdl3.csproj" />
  <Project Path="Woohoo.Audio.Playback.Windows/Woohoo.Audio.Playback.Windows.csproj" Id="796351ab-4984-43f9-8190-a85d302e22bc" />
  <Project Path="Woohoo.Audio.Services.Impl/Woohoo.Audio.Services.Impl.csproj" Id="bcd8d76e-c4d0-42ea-b4f3-077110e10dce" />
  <Project Path="Woohoo.Audio.Services/Woohoo.Audio.Services.csproj" Id="2d861e49-182a-4924-9ac0-4beaa137b229" />
  <Project Path="Woohoo.Codecs.Flake/Woohoo.Codecs.Flake.csproj" />
  <Project Path="Woohoo.Codecs/Woohoo.Codecs.csproj" />
  <Project Path="Woohoo.ConsoloniaControls.Gallery/Woohoo.ConsoloniaControls.Gallery.csproj" />
  <Project Path="Woohoo.ConsoloniaControls/Woohoo.ConsoloniaControls.csproj" />
  <Project Path="Woohoo.Discue.Avalonia.Android/Woohoo.Discue.Avalonia.Android.csproj" />
  <Project Path="Woohoo.Discue.Avalonia.Desktop/Woohoo.Discue.Avalonia.Desktop.csproj" />
  <Project Path="Woohoo.Discue.Avalonia/Woohoo.Discue.Avalonia.csproj" />
  <Project Path="Woohoo.Discue.Cli/Woohoo.Discue.Cli.csproj" />
  <Project Path="Woohoo.Discue.Consolonia/Woohoo.Discue.Consolonia.csproj" />
  <Project Path="Woohoo.Discue.Shared.Avalonia/Woohoo.Discue.Shared.Avalonia.csproj" Id="0c9b3b57-827e-460f-b043-1ee18be78959" />
  <Project Path="Woohoo.Discue.WinUI/Woohoo.Discue.WinUI.csproj">
    <Platform Solution="*|ARM64" Project="ARM64" />
    <Platform Solution="*|x64" Project="x64" />
    <Platform Solution="*|x86" Project="x86" />
    <Deploy />
  </Project>
  <Project Path="Woohoo.IO.Compression.Chd.UnitTest/Woohoo.IO.Compression.Chd.UnitTest.csproj" />
  <Project Path="Woohoo.IO.Compression.Chd/Woohoo.IO.Compression.Chd.csproj" />
  <Project Path="Woohoo.IO.Compression/Woohoo.IO.Compression.csproj" />
  <Project Path="Woohoo.Sdl3/Woohoo.Sdl3.csproj" />
</Solution>
